
Microsoft Visual Studio Solution File, Format Version 12.00
# Visual Studio Version 16
VisualStudioVersion = 16.0.29318.209
MinimumVisualStudioVersion = 10.0.40219.1
Project("{9A19103F-16F7-4668-BE54-9A1E7A4F7556}") = "InitialSetup", "InitialSetup\InitialSetup.csproj", "{8F5968B5-31D5-4BF0-9BF0-95B262A57CC4}"
EndProject
Project("{9A19103F-16F7-4668-BE54-9A1E7A4F7556}") = "VillainNames", "VillainNames\VillainNames.csproj", "{01B1CE58-93F2-4B22-89C7-0628DB67E878}"
EndProject
Project("{9A19103F-16F7-4668-BE54-9A1E7A4F7556}") = "MinionNames", "MinionNames\MinionNames.csproj", "{87891E6F-8245-41AA-B5E1-D24DFDC9D6E4}"
EndProject
Project("{9A19103F-16F7-4668-BE54-9A1E7A4F7556}") = "AddMinion", "AddMinion\AddMinion.csproj", "{85B8F555-2119-4D44-A6A7-C780CADDA5DA}"
EndProject
Project("{FAE04EC0-301F-11D3-BF4B-00C04F79EFBC}") = "ChangeTownNamesCasing", "ChangeTownNamesCasing\ChangeTownNamesCasing.csproj", "{08D1AC1E-71F6-4042-A130-34DC6C8AF702}"
EndProject
Project("{FAE04EC0-301F-11D3-BF4B-00C04F79EFBC}") = "RemoveVillain", "RemoveVillain\RemoveVillain.csproj", "{E52A90F1-2255-4ED2-A330-18F515EB728C}"
EndProject
Global
	GlobalSection(SolutionConfigurationPlatforms) = preSolution
		Debug|Any CPU = Debug|Any CPU
		Release|Any CPU = Release|Any CPU
	EndGlobalSection
	GlobalSection(ProjectConfigurationPlatforms) = postSolution
		{8F5968B5-31D5-4BF0-9BF0-95B262A57CC4}.Debug|Any CPU.ActiveCfg = Debug|Any CPU
		{8F5968B5-31D5-4BF0-9BF0-95B262A57CC4}.Debug|Any CPU.Build.0 = Debug|Any CPU
		{8F5968B5-31D5-4BF0-9BF0-95B262A57CC4}.Release|Any CPU.ActiveCfg = Release|Any CPU
		{8F5968B5-31D5-4BF0-9BF0-95B262A57CC4}.Release|Any CPU.Build.0 = Release|Any CPU
		{01B1CE58-93F2-4B22-89C7-0628DB67E878}.Debug|Any CPU.ActiveCfg = Debug|Any CPU
		{01B1CE58-93F2-4B22-89C7-0628DB67E878}.Debug|Any CPU.Build.0 = Debug|Any CPU
		{01B1CE58-93F2-4B22-89C7-0628DB67E878}.Release|Any CPU.ActiveCfg = Release|Any CPU
		{01B1CE58-93F2-4B22-89C7-0628DB67E878}.Release|Any CPU.Build.0 = Release|Any CPU
		{87891E6F-8245-41AA-B5E1-D24DFDC9D6E4}.Debug|Any CPU.ActiveCfg = Debug|Any CPU
		{87891E6F-8245-41AA-B5E1-D24DFDC9D6E4}.Debug|Any CPU.Build.0 = Debug|Any CPU
		{87891E6F-8245-41AA-B5E1-D24DFDC9D6E4}.Release|Any CPU.ActiveCfg = Release|Any CPU
		{87891E6F-8245-41AA-B5E1-D24DFDC9D6E4}.Release|Any CPU.Build.0 = Release|Any CPU
		{85B8F555-2119-4D44-A6A7-C780CADDA5DA}.Debug|Any CPU.ActiveCfg = Debug|Any CPU
		{85B8F555-2119-4D44-A6A7-C780CADDA5DA}.Debug|Any CPU.Build.0 = Debug|Any CPU
		{85B8F555-2119-4D44-A6A7-C780CADDA5DA}.Release|Any CPU.ActiveCfg = Release|Any CPU
		{85B8F555-2119-4D44-A6A7-C780CADDA5DA}.Release|Any CPU.Build.0 = Release|Any CPU
		{08D1AC1E-71F6-4042-A130-34DC6C8AF702}.Debug|Any CPU.ActiveCfg = Debug|Any CPU
		{08D1AC1E-71F6-4042-A130-34DC6C8AF702}.Debug|Any CPU.Build.0 = Debug|Any CPU
		{08D1AC1E-71F6-4042-A130-34DC6C8AF702}.Release|Any CPU.ActiveCfg = Release|Any CPU
		{08D1AC1E-71F6-4042-A130-34DC6C8AF702}.Release|Any CPU.Build.0 = Release|Any CPU
		{E52A90F1-2255-4ED2-A330-18F515EB728C}.Debug|Any CPU.ActiveCfg = Debug|Any CPU
		{E52A90F1-2255-4ED2-A330-18F515EB728C}.Debug|Any CPU.Build.0 = Debug|Any CPU
		{E52A90F1-2255-4ED2-A330-18F515EB728C}.Release|Any CPU.ActiveCfg = Release|Any CPU
		{E52A90F1-2255-4ED2-A330-18F515EB728C}.Release|Any CPU.Build.0 = Release|Any CPU
	EndGlobalSection
	GlobalSection(SolutionProperties) = preSolution
		HideSolutionNode = FALSE
	EndGlobalSection
	GlobalSection(ExtensibilityGlobals) = postSolution
		SolutionGuid = {FED5D46C-AB62-4A63-9C76-322A8772CC34}
	EndGlobalSection
EndGlobal
