
Microsoft Visual Studio Solution File, Format Version 12.00
# Visual Studio Version 16
VisualStudioVersion = 16.0.29318.209
MinimumVisualStudioVersion = 10.0.40219.1
Project("{9A19103F-16F7-4668-BE54-9A1E7A4F7556}") = "InitialSetup", "InitialSetup\InitialSetup.csproj", "{8F5968B5-31D5-4BF0-9BF0-95B262A57CC4}"
EndProject
Project("{FAE04EC0-301F-11D3-BF4B-00C04F79EFBC}") = "VillainNames", "VillainNames\VillainNames.csproj", "{01B1CE58-93F2-4B22-89C7-0628DB67E878}"
EndProject
Global
	GlobalSection(SolutionConfigurationPlatforms) = preSolution
		Debug|Any CPU = Debug|Any CPU
		Release|Any CPU = Release|Any CPU
	EndGlobalSection
	GlobalSection(ProjectConfigurationPlatforms) = postSolution
		{8F5968B5-31D5-4BF0-9BF0-95B262A57CC4}.Debug|Any CPU.ActiveCfg = Debug|Any CPU
		{8F5968B5-31D5-4BF0-9BF0-95B262A57CC4}.Debug|Any CPU.Build.0 = Debug|Any CPU
		{8F5968B5-31D5-4BF0-9BF0-95B262A57CC4}.Release|Any CPU.ActiveCfg = Release|Any CPU
		{8F5968B5-31D5-4BF0-9BF0-95B262A57CC4}.Release|Any CPU.Build.0 = Release|Any CPU
		{01B1CE58-93F2-4B22-89C7-0628DB67E878}.Debug|Any CPU.ActiveCfg = Debug|Any CPU
		{01B1CE58-93F2-4B22-89C7-0628DB67E878}.Debug|Any CPU.Build.0 = Debug|Any CPU
		{01B1CE58-93F2-4B22-89C7-0628DB67E878}.Release|Any CPU.ActiveCfg = Release|Any CPU
		{01B1CE58-93F2-4B22-89C7-0628DB67E878}.Release|Any CPU.Build.0 = Release|Any CPU
	EndGlobalSection
	GlobalSection(SolutionProperties) = preSolution
		HideSolutionNode = FALSE
	EndGlobalSection
	GlobalSection(ExtensibilityGlobals) = postSolution
		SolutionGuid = {FED5D46C-AB62-4A63-9C76-322A8772CC34}
	EndGlobalSection
EndGlobal
