
Microsoft Visual Studio Solution File, Format Version 12.00
# Visual Studio Version 16
VisualStudioVersion = 16.0.29318.209
MinimumVisualStudioVersion = 10.0.40219.1
Project("{FAE04EC0-301F-11D3-BF4B-00C04F79EFBC}") = "PrototypePattern", "PrototypePattern\PrototypePattern.csproj", "{967BD84E-E914-4BDC-97E1-7B83666311E0}"
EndProject
Project("{FAE04EC0-301F-11D3-BF4B-00C04F79EFBC}") = "CompositePattern", "CompositePattern\CompositePattern.csproj", "{1F2B9DFE-B692-4CB6-9FC3-A9A268FF2AD1}"
EndProject
Project("{FAE04EC0-301F-11D3-BF4B-00C04F79EFBC}") = "TemplatePattern", "TemplatePattern\TemplatePattern.csproj", "{5ECE2495-9711-44F1-A70C-CDC952015283}"
EndProject
Global
	GlobalSection(SolutionConfigurationPlatforms) = preSolution
		Debug|Any CPU = Debug|Any CPU
		Release|Any CPU = Release|Any CPU
	EndGlobalSection
	GlobalSection(ProjectConfigurationPlatforms) = postSolution
		{967BD84E-E914-4BDC-97E1-7B83666311E0}.Debug|Any CPU.ActiveCfg = Debug|Any CPU
		{967BD84E-E914-4BDC-97E1-7B83666311E0}.Debug|Any CPU.Build.0 = Debug|Any CPU
		{967BD84E-E914-4BDC-97E1-7B83666311E0}.Release|Any CPU.ActiveCfg = Release|Any CPU
		{967BD84E-E914-4BDC-97E1-7B83666311E0}.Release|Any CPU.Build.0 = Release|Any CPU
		{1F2B9DFE-B692-4CB6-9FC3-A9A268FF2AD1}.Debug|Any CPU.ActiveCfg = Debug|Any CPU
		{1F2B9DFE-B692-4CB6-9FC3-A9A268FF2AD1}.Debug|Any CPU.Build.0 = Debug|Any CPU
		{1F2B9DFE-B692-4CB6-9FC3-A9A268FF2AD1}.Release|Any CPU.ActiveCfg = Release|Any CPU
		{1F2B9DFE-B692-4CB6-9FC3-A9A268FF2AD1}.Release|Any CPU.Build.0 = Release|Any CPU
		{5ECE2495-9711-44F1-A70C-CDC952015283}.Debug|Any CPU.ActiveCfg = Debug|Any CPU
		{5ECE2495-9711-44F1-A70C-CDC952015283}.Debug|Any CPU.Build.0 = Debug|Any CPU
		{5ECE2495-9711-44F1-A70C-CDC952015283}.Release|Any CPU.ActiveCfg = Release|Any CPU
		{5ECE2495-9711-44F1-A70C-CDC952015283}.Release|Any CPU.Build.0 = Release|Any CPU
	EndGlobalSection
	GlobalSection(SolutionProperties) = preSolution
		HideSolutionNode = FALSE
	EndGlobalSection
	GlobalSection(ExtensibilityGlobals) = postSolution
		SolutionGuid = {38F617C4-17FD-41A7-86A3-6BE75307288D}
	EndGlobalSection
EndGlobal
