
Microsoft Visual Studio Solution File, Format Version 12.00
# Visual Studio Version 16
VisualStudioVersion = 16.0.29201.188
MinimumVisualStudioVersion = 10.0.40219.1
Project("{9A19103F-16F7-4668-BE54-9A1E7A4F7556}") = "Orm", "Orm\Orm.csproj", "{B9E0502C-A402-4BB3-8251-6C42C5C18C31}"
EndProject
Project("{FAE04EC0-301F-11D3-BF4B-00C04F79EFBC}") = "Orm.App", "Orm.App\Orm.App.csproj", "{38D6D5A3-423C-464E-A584-E1A2DF0D175D}"
EndProject
Global
	GlobalSection(SolutionConfigurationPlatforms) = preSolution
		Debug|Any CPU = Debug|Any CPU
		Release|Any CPU = Release|Any CPU
	EndGlobalSection
	GlobalSection(ProjectConfigurationPlatforms) = postSolution
		{B9E0502C-A402-4BB3-8251-6C42C5C18C31}.Debug|Any CPU.ActiveCfg = Debug|Any CPU
		{B9E0502C-A402-4BB3-8251-6C42C5C18C31}.Debug|Any CPU.Build.0 = Debug|Any CPU
		{B9E0502C-A402-4BB3-8251-6C42C5C18C31}.Release|Any CPU.ActiveCfg = Release|Any CPU
		{B9E0502C-A402-4BB3-8251-6C42C5C18C31}.Release|Any CPU.Build.0 = Release|Any CPU
		{38D6D5A3-423C-464E-A584-E1A2DF0D175D}.Debug|Any CPU.ActiveCfg = Debug|Any CPU
		{38D6D5A3-423C-464E-A584-E1A2DF0D175D}.Debug|Any CPU.Build.0 = Debug|Any CPU
		{38D6D5A3-423C-464E-A584-E1A2DF0D175D}.Release|Any CPU.ActiveCfg = Release|Any CPU
		{38D6D5A3-423C-464E-A584-E1A2DF0D175D}.Release|Any CPU.Build.0 = Release|Any CPU
	EndGlobalSection
	GlobalSection(SolutionProperties) = preSolution
		HideSolutionNode = FALSE
	EndGlobalSection
	GlobalSection(ExtensibilityGlobals) = postSolution
		SolutionGuid = {1CE6BF98-B333-4D47-A647-9E7A2008136F}
	EndGlobalSection
EndGlobal
